
Microsoft Visual Studio Solution File, Format Version 12.00
# Visual Studio 15
VisualStudioVersion = 15.0.26430.6
MinimumVisualStudioVersion = 10.0.40219.1
Project("{FAE04EC0-301F-11D3-BF4B-00C04F79EFBC}") = "NFA.App", "NFA.App\NFA.App.csproj", "{62148EBA-45F8-49F4-B557-6A2D23E1BD4E}"
EndProject
Project("{F2A71F9B-5D33-465A-A702-920D77279786}") = "NFA.Logic", "NFA.Logic\NFA.Logic.fsproj", "{02446EEF-323B-4E65-86B3-7579AD68092E}"
EndProject
Global
	GlobalSection(SolutionConfigurationPlatforms) = preSolution
		Debug|Any CPU = Debug|Any CPU
		Release|Any CPU = Release|Any CPU
	EndGlobalSection
	GlobalSection(ProjectConfigurationPlatforms) = postSolution
		{62148EBA-45F8-49F4-B557-6A2D23E1BD4E}.Debug|Any CPU.ActiveCfg = Debug|Any CPU
		{62148EBA-45F8-49F4-B557-6A2D23E1BD4E}.Debug|Any CPU.Build.0 = Debug|Any CPU
		{62148EBA-45F8-49F4-B557-6A2D23E1BD4E}.Release|Any CPU.ActiveCfg = Release|Any CPU
		{62148EBA-45F8-49F4-B557-6A2D23E1BD4E}.Release|Any CPU.Build.0 = Release|Any CPU
		{02446EEF-323B-4E65-86B3-7579AD68092E}.Debug|Any CPU.ActiveCfg = Debug|Any CPU
		{02446EEF-323B-4E65-86B3-7579AD68092E}.Debug|Any CPU.Build.0 = Debug|Any CPU
		{02446EEF-323B-4E65-86B3-7579AD68092E}.Release|Any CPU.ActiveCfg = Release|Any CPU
		{02446EEF-323B-4E65-86B3-7579AD68092E}.Release|Any CPU.Build.0 = Release|Any CPU
	EndGlobalSection
	GlobalSection(SolutionProperties) = preSolution
		HideSolutionNode = FALSE
	EndGlobalSection
EndGlobal
